
Microsoft Visual Studio Solution File, Format Version 12.00
# Visual Studio Version 17
VisualStudioVersion = 17.2.32519.379
MinimumVisualStudioVersion = 10.0.40219.1
Project("{FAE04EC0-301F-11D3-BF4B-00C04F79EFBC}") = "Прога для Газпрома", "Прога для Газпрома.csproj", "{5D418469-5F7E-4385-8572-01DA2EC3CC69}"
EndProject
Global
	GlobalSection(SolutionConfigurationPlatforms) = preSolution
		Debug|Any CPU = Debug|Any CPU
		Release|Any CPU = Release|Any CPU
	EndGlobalSection
	GlobalSection(ProjectConfigurationPlatforms) = postSolution
		{5D418469-5F7E-4385-8572-01DA2EC3CC69}.Debug|Any CPU.ActiveCfg = Debug|Any CPU
		{5D418469-5F7E-4385-8572-01DA2EC3CC69}.Debug|Any CPU.Build.0 = Debug|Any CPU
		{5D418469-5F7E-4385-8572-01DA2EC3CC69}.Release|Any CPU.ActiveCfg = Release|Any CPU
		{5D418469-5F7E-4385-8572-01DA2EC3CC69}.Release|Any CPU.Build.0 = Release|Any CPU
	EndGlobalSection
	GlobalSection(SolutionProperties) = preSolution
		HideSolutionNode = FALSE
	EndGlobalSection
	GlobalSection(ExtensibilityGlobals) = postSolution
		SolutionGuid = {AF995465-2ED3-4542-A5F2-E9173D483315}
	EndGlobalSection
EndGlobal
